// !$*UTF8*$!
{
	archiveVersion = 1;
	classes = {
	};
	objectVersion = 56;
	objects = {

/* Begin PBXBuildFile section */
		9D07CAD22C1028A2007E2A12 /* ChatPartnerPickerScreen.swift in Sources */ = {isa = PBXBuildFile; fileRef = 9D07CAD12C1028A2007E2A12 /* ChatPartnerPickerScreen.swift */; };
		9D07CAD42C102B52007E2A12 /* ChatPartnerRowView.swift in Sources */ = {isa = PBXBuildFile; fileRef = 9D07CAD32C102B52007E2A12 /* ChatPartnerRowView.swift */; };
		9D07CAD72C103186007E2A12 /* ChatPartnerPickerViewModel.swift in Sources */ = {isa = PBXBuildFile; fileRef = 9D07CAD62C103186007E2A12 /* ChatPartnerPickerViewModel.swift */; };
		9D07CAD92C1033D4007E2A12 /* GroupPartnerPickerScreen.swift in Sources */ = {isa = PBXBuildFile; fileRef = 9D07CAD82C1033D4007E2A12 /* GroupPartnerPickerScreen.swift */; };
		9D1361B62C059D070001A811 /* BubbleAudioView.swift in Sources */ = {isa = PBXBuildFile; fileRef = 9D1361B52C059D070001A811 /* BubbleAudioView.swift */; };
		9D1361B92C05A4DB0001A811 /* FirebaseAuth in Frameworks */ = {isa = PBXBuildFile; productRef = 9D1361B82C05A4DB0001A811 /* FirebaseAuth */; };
		9D1361BB2C05A4DB0001A811 /* FirebaseDatabase in Frameworks */ = {isa = PBXBuildFile; productRef = 9D1361BA2C05A4DB0001A811 /* FirebaseDatabase */; };
		9D1361BD2C05A4DB0001A811 /* FirebaseDatabaseSwift in Frameworks */ = {isa = PBXBuildFile; productRef = 9D1361BC2C05A4DB0001A811 /* FirebaseDatabaseSwift */; };
		9D1361BF2C05A4DB0001A811 /* FirebaseMessaging in Frameworks */ = {isa = PBXBuildFile; productRef = 9D1361BE2C05A4DB0001A811 /* FirebaseMessaging */; };
		9D1361C12C05A4DB0001A811 /* FirebaseStorage in Frameworks */ = {isa = PBXBuildFile; productRef = 9D1361C02C05A4DB0001A811 /* FirebaseStorage */; };
		9D1361C92C05A7FE0001A811 /* GoogleService-Info.plist in Resources */ = {isa = PBXBuildFile; fileRef = 9D1361C82C05A7FE0001A811 /* GoogleService-Info.plist */; };
		9D1361CC2C05A8220001A811 /* LoginScreen.swift in Sources */ = {isa = PBXBuildFile; fileRef = 9D1361CB2C05A8220001A811 /* LoginScreen.swift */; };
		9D18DD102C06EDC200CB5B54 /* AuthHeaderView.swift in Sources */ = {isa = PBXBuildFile; fileRef = 9D18DD0F2C06EDC200CB5B54 /* AuthHeaderView.swift */; };
		9D18DD122C06EE8000CB5B54 /* AuthTextField.swift in Sources */ = {isa = PBXBuildFile; fileRef = 9D18DD112C06EE8000CB5B54 /* AuthTextField.swift */; };
		9D18DD142C06F30B00CB5B54 /* AuthButton.swift in Sources */ = {isa = PBXBuildFile; fileRef = 9D18DD132C06F30B00CB5B54 /* AuthButton.swift */; };
		9D18DD162C06F80200CB5B54 /* SignUpScreen.swift in Sources */ = {isa = PBXBuildFile; fileRef = 9D18DD152C06F80200CB5B54 /* SignUpScreen.swift */; };
		9D2724A02BF5CB9B003BFDA1 /* WhatsAppCloneApp.swift in Sources */ = {isa = PBXBuildFile; fileRef = 9D27249F2BF5CB9B003BFDA1 /* WhatsAppCloneApp.swift */; };
		9D2724A42BF5CB9D003BFDA1 /* Assets.xcassets in Resources */ = {isa = PBXBuildFile; fileRef = 9D2724A32BF5CB9D003BFDA1 /* Assets.xcassets */; };
		9D2724A72BF5CB9D003BFDA1 /* Preview Assets.xcassets in Resources */ = {isa = PBXBuildFile; fileRef = 9D2724A62BF5CB9D003BFDA1 /* Preview Assets.xcassets */; };
		9D2724B12BF5CB9D003BFDA1 /* WhatsAppCloneTests.swift in Sources */ = {isa = PBXBuildFile; fileRef = 9D2724B02BF5CB9D003BFDA1 /* WhatsAppCloneTests.swift */; };
		9D2724BB2BF5CB9D003BFDA1 /* WhatsAppCloneUITests.swift in Sources */ = {isa = PBXBuildFile; fileRef = 9D2724BA2BF5CB9D003BFDA1 /* WhatsAppCloneUITests.swift */; };
		9D2724BD2BF5CB9D003BFDA1 /* WhatsAppCloneUITestsLaunchTests.swift in Sources */ = {isa = PBXBuildFile; fileRef = 9D2724BC2BF5CB9D003BFDA1 /* WhatsAppCloneUITestsLaunchTests.swift */; };
		9D2724CA2BF5CCF4003BFDA1 /* MainTabView.swift in Sources */ = {isa = PBXBuildFile; fileRef = 9D2724C92BF5CCF4003BFDA1 /* MainTabView.swift */; };
		9D2724CC2BF5D457003BFDA1 /* UpdatesTabScreen.swift in Sources */ = {isa = PBXBuildFile; fileRef = 9D2724CB2BF5D457003BFDA1 /* UpdatesTabScreen.swift */; };
		9D4FDAF62BFB9D6600B3723C /* CommunityTabScreen.swift in Sources */ = {isa = PBXBuildFile; fileRef = 9D4FDAF52BFB9D6600B3723C /* CommunityTabScreen.swift */; };
		9D5CD7C32C199E80005E8A07 /* UserService.swift in Sources */ = {isa = PBXBuildFile; fileRef = 9D5CD7C22C199E80005E8A07 /* UserService.swift */; };
		9D63FD242C1AD5460056519B /* ChannelItem.swift in Sources */ = {isa = PBXBuildFile; fileRef = 9D63FD232C1AD5460056519B /* ChannelItem.swift */; };
		9D63FD262C1AD9430056519B /* ChannelTabViewModel.swift in Sources */ = {isa = PBXBuildFile; fileRef = 9D63FD252C1AD9430056519B /* ChannelTabViewModel.swift */; };
		9D6F9DC22BF72480008D11E3 /* CallsTabScreen.swift in Sources */ = {isa = PBXBuildFile; fileRef = 9D6F9DC12BF72480008D11E3 /* CallsTabScreen.swift */; };
		9D8C9F412BFDB59000FC255E /* ChatRoomScreen.swift in Sources */ = {isa = PBXBuildFile; fileRef = 9D8C9F402BFDB59000FC255E /* ChatRoomScreen.swift */; };
		9D8C9F432BFDB78900FC255E /* TextInputArea.swift in Sources */ = {isa = PBXBuildFile; fileRef = 9D8C9F422BFDB78900FC255E /* TextInputArea.swift */; };
		9D8C9F452BFDBDC700FC255E /* MessageListController.swift in Sources */ = {isa = PBXBuildFile; fileRef = 9D8C9F442BFDBDC700FC255E /* MessageListController.swift */; };
		9D8DE2952C1186070009FC30 /* SelectedChatPartnerView.swift in Sources */ = {isa = PBXBuildFile; fileRef = 9D8DE2942C1186070009FC30 /* SelectedChatPartnerView.swift */; };
		9D972B702C1C0DC0006D33DA /* String+Extensions.swift in Sources */ = {isa = PBXBuildFile; fileRef = 9D972B6F2C1C0DC0006D33DA /* String+Extensions.swift */; };
		9DA401492BFC62290098A303 /* ChannelTabScreen.swift in Sources */ = {isa = PBXBuildFile; fileRef = 9DA401482BFC62290098A303 /* ChannelTabScreen.swift */; };
		9DA4014B2BFC656E0098A303 /* ChannelItemView.swift in Sources */ = {isa = PBXBuildFile; fileRef = 9DA4014A2BFC656E0098A303 /* ChannelItemView.swift */; };
		9DADE2752BFF060F00554295 /* MessageListView.swift in Sources */ = {isa = PBXBuildFile; fileRef = 9DADE2742BFF060F00554295 /* MessageListView.swift */; };
		9DADE2782BFF081400554295 /* MessageItem.swift in Sources */ = {isa = PBXBuildFile; fileRef = 9DADE2772BFF081400554295 /* MessageItem.swift */; };
		9DADE27A2BFF08DF00554295 /* BubbleTextView.swift in Sources */ = {isa = PBXBuildFile; fileRef = 9DADE2792BFF08DF00554295 /* BubbleTextView.swift */; };
		9DADE27C2BFF099D00554295 /* BubbleTailView.swift in Sources */ = {isa = PBXBuildFile; fileRef = 9DADE27B2BFF099D00554295 /* BubbleTailView.swift */; };
		9DADE27F2BFF0C2200554295 /* CustomModifiers.swift in Sources */ = {isa = PBXBuildFile; fileRef = 9DADE27E2BFF0C2200554295 /* CustomModifiers.swift */; };
		9DB7D79F2C0846CC0007A832 /* AuthScreenModel.swift in Sources */ = {isa = PBXBuildFile; fileRef = 9DB7D79E2C0846CC0007A832 /* AuthScreenModel.swift */; };
		9DB7D7A22C0849BB0007A832 /* AuthProvider.swift in Sources */ = {isa = PBXBuildFile; fileRef = 9DB7D7A12C0849BB0007A832 /* AuthProvider.swift */; };
		9DD6CAD22C0D8A41006234F6 /* RootScreen.swift in Sources */ = {isa = PBXBuildFile; fileRef = 9DD6CAD12C0D8A41006234F6 /* RootScreen.swift */; };
		9DD6CAD52C0D8A53006234F6 /* RootScreenModel.swift in Sources */ = {isa = PBXBuildFile; fileRef = 9DD6CAD42C0D8A53006234F6 /* RootScreenModel.swift */; };
		9DD6CAD82C0D90C2006234F6 /* UserItem.swift in Sources */ = {isa = PBXBuildFile; fileRef = 9DD6CAD72C0D90C2006234F6 /* UserItem.swift */; };
		9DD6CADB2C0D9149006234F6 /* FirebaseConstants.swift in Sources */ = {isa = PBXBuildFile; fileRef = 9DD6CADA2C0D9149006234F6 /* FirebaseConstants.swift */; };
		9DE075902C12D3A70060975D /* NewGroupSetupScreen.swift in Sources */ = {isa = PBXBuildFile; fileRef = 9DE0758F2C12D3A70060975D /* NewGroupSetupScreen.swift */; };
		9DEEC2F32C0450210042DBF5 /* BubbleImageView.swift in Sources */ = {isa = PBXBuildFile; fileRef = 9DEEC2F22C0450210042DBF5 /* BubbleImageView.swift */; };
		9DF418952BFC6A6700B9C9E9 /* SettingsTabScreen.swift in Sources */ = {isa = PBXBuildFile; fileRef = 9DF418942BFC6A6700B9C9E9 /* SettingsTabScreen.swift */; };
		9DF418972BFC6AC000B9C9E9 /* SettingsItemView.swift in Sources */ = {isa = PBXBuildFile; fileRef = 9DF418962BFC6AC000B9C9E9 /* SettingsItemView.swift */; };
		9DF4189A2BFC6BE100B9C9E9 /* SettingsItem.swift in Sources */ = {isa = PBXBuildFile; fileRef = 9DF418992BFC6BE100B9C9E9 /* SettingsItem.swift */; };
/* End PBXBuildFile section */

/* Begin PBXContainerItemProxy section */
		9D2724AD2BF5CB9D003BFDA1 /* PBXContainerItemProxy */ = {
			isa = PBXContainerItemProxy;
			containerPortal = 9D2724942BF5CB9B003BFDA1 /* Project object */;
			proxyType = 1;
			remoteGlobalIDString = 9D27249B2BF5CB9B003BFDA1;
			remoteInfo = WhatsAppClone;
		};
		9D2724B72BF5CB9D003BFDA1 /* PBXContainerItemProxy */ = {
			isa = PBXContainerItemProxy;
			containerPortal = 9D2724942BF5CB9B003BFDA1 /* Project object */;
			proxyType = 1;
			remoteGlobalIDString = 9D27249B2BF5CB9B003BFDA1;
			remoteInfo = WhatsAppClone;
		};
/* End PBXContainerItemProxy section */

/* Begin PBXFileReference section */
		9D07CAD12C1028A2007E2A12 /* ChatPartnerPickerScreen.swift */ = {isa = PBXFileReference; lastKnownFileType = sourcecode.swift; path = ChatPartnerPickerScreen.swift; sourceTree = "<group>"; };
		9D07CAD32C102B52007E2A12 /* ChatPartnerRowView.swift */ = {isa = PBXFileReference; lastKnownFileType = sourcecode.swift; path = ChatPartnerRowView.swift; sourceTree = "<group>"; };
		9D07CAD62C103186007E2A12 /* ChatPartnerPickerViewModel.swift */ = {isa = PBXFileReference; lastKnownFileType = sourcecode.swift; path = ChatPartnerPickerViewModel.swift; sourceTree = "<group>"; };
		9D07CAD82C1033D4007E2A12 /* GroupPartnerPickerScreen.swift */ = {isa = PBXFileReference; lastKnownFileType = sourcecode.swift; path = GroupPartnerPickerScreen.swift; sourceTree = "<group>"; };
		9D1361B52C059D070001A811 /* BubbleAudioView.swift */ = {isa = PBXFileReference; lastKnownFileType = sourcecode.swift; path = BubbleAudioView.swift; sourceTree = "<group>"; };
		9D1361C82C05A7FE0001A811 /* GoogleService-Info.plist */ = {isa = PBXFileReference; fileEncoding = 4; lastKnownFileType = text.plist.xml; name = "GoogleService-Info.plist"; path = "../../../../Downloads/GoogleService-Info.plist"; sourceTree = "<group>"; };
		9D1361CB2C05A8220001A811 /* LoginScreen.swift */ = {isa = PBXFileReference; lastKnownFileType = sourcecode.swift; path = LoginScreen.swift; sourceTree = "<group>"; };
		9D18DD0F2C06EDC200CB5B54 /* AuthHeaderView.swift */ = {isa = PBXFileReference; lastKnownFileType = sourcecode.swift; path = AuthHeaderView.swift; sourceTree = "<group>"; };
		9D18DD112C06EE8000CB5B54 /* AuthTextField.swift */ = {isa = PBXFileReference; lastKnownFileType = sourcecode.swift; path = AuthTextField.swift; sourceTree = "<group>"; };
		9D18DD132C06F30B00CB5B54 /* AuthButton.swift */ = {isa = PBXFileReference; lastKnownFileType = sourcecode.swift; path = AuthButton.swift; sourceTree = "<group>"; };
		9D18DD152C06F80200CB5B54 /* SignUpScreen.swift */ = {isa = PBXFileReference; lastKnownFileType = sourcecode.swift; path = SignUpScreen.swift; sourceTree = "<group>"; };
		9D27249C2BF5CB9B003BFDA1 /* WhatsAppClone.app */ = {isa = PBXFileReference; explicitFileType = wrapper.application; includeInIndex = 0; path = WhatsAppClone.app; sourceTree = BUILT_PRODUCTS_DIR; };
		9D27249F2BF5CB9B003BFDA1 /* WhatsAppCloneApp.swift */ = {isa = PBXFileReference; lastKnownFileType = sourcecode.swift; path = WhatsAppCloneApp.swift; sourceTree = "<group>"; };
		9D2724A32BF5CB9D003BFDA1 /* Assets.xcassets */ = {isa = PBXFileReference; lastKnownFileType = folder.assetcatalog; path = Assets.xcassets; sourceTree = "<group>"; };
		9D2724A62BF5CB9D003BFDA1 /* Preview Assets.xcassets */ = {isa = PBXFileReference; lastKnownFileType = folder.assetcatalog; path = "Preview Assets.xcassets"; sourceTree = "<group>"; };
		9D2724AC2BF5CB9D003BFDA1 /* WhatsAppCloneTests.xctest */ = {isa = PBXFileReference; explicitFileType = wrapper.cfbundle; includeInIndex = 0; path = WhatsAppCloneTests.xctest; sourceTree = BUILT_PRODUCTS_DIR; };
		9D2724B02BF5CB9D003BFDA1 /* WhatsAppCloneTests.swift */ = {isa = PBXFileReference; lastKnownFileType = sourcecode.swift; path = WhatsAppCloneTests.swift; sourceTree = "<group>"; };
		9D2724B62BF5CB9D003BFDA1 /* WhatsAppCloneUITests.xctest */ = {isa = PBXFileReference; explicitFileType = wrapper.cfbundle; includeInIndex = 0; path = WhatsAppCloneUITests.xctest; sourceTree = BUILT_PRODUCTS_DIR; };
		9D2724BA2BF5CB9D003BFDA1 /* WhatsAppCloneUITests.swift */ = {isa = PBXFileReference; lastKnownFileType = sourcecode.swift; path = WhatsAppCloneUITests.swift; sourceTree = "<group>"; };
		9D2724BC2BF5CB9D003BFDA1 /* WhatsAppCloneUITestsLaunchTests.swift */ = {isa = PBXFileReference; lastKnownFileType = sourcecode.swift; path = WhatsAppCloneUITestsLaunchTests.swift; sourceTree = "<group>"; };
		9D2724C92BF5CCF4003BFDA1 /* MainTabView.swift */ = {isa = PBXFileReference; lastKnownFileType = sourcecode.swift; path = MainTabView.swift; sourceTree = "<group>"; };
		9D2724CB2BF5D457003BFDA1 /* UpdatesTabScreen.swift */ = {isa = PBXFileReference; lastKnownFileType = sourcecode.swift; path = UpdatesTabScreen.swift; sourceTree = "<group>"; };
		9D4FDAF52BFB9D6600B3723C /* CommunityTabScreen.swift */ = {isa = PBXFileReference; lastKnownFileType = sourcecode.swift; path = CommunityTabScreen.swift; sourceTree = "<group>"; };
		9D5CD7C22C199E80005E8A07 /* UserService.swift */ = {isa = PBXFileReference; lastKnownFileType = sourcecode.swift; path = UserService.swift; sourceTree = "<group>"; };
		9D63FD232C1AD5460056519B /* ChannelItem.swift */ = {isa = PBXFileReference; lastKnownFileType = sourcecode.swift; path = ChannelItem.swift; sourceTree = "<group>"; };
		9D63FD252C1AD9430056519B /* ChannelTabViewModel.swift */ = {isa = PBXFileReference; lastKnownFileType = sourcecode.swift; path = ChannelTabViewModel.swift; sourceTree = "<group>"; };
		9D6F9DC12BF72480008D11E3 /* CallsTabScreen.swift */ = {isa = PBXFileReference; lastKnownFileType = sourcecode.swift; path = CallsTabScreen.swift; sourceTree = "<group>"; };
		9D8C9F402BFDB59000FC255E /* ChatRoomScreen.swift */ = {isa = PBXFileReference; lastKnownFileType = sourcecode.swift; path = ChatRoomScreen.swift; sourceTree = "<group>"; };
		9D8C9F422BFDB78900FC255E /* TextInputArea.swift */ = {isa = PBXFileReference; lastKnownFileType = sourcecode.swift; path = TextInputArea.swift; sourceTree = "<group>"; };
		9D8C9F442BFDBDC700FC255E /* MessageListController.swift */ = {isa = PBXFileReference; lastKnownFileType = sourcecode.swift; path = MessageListController.swift; sourceTree = "<group>"; };
		9D8DE2942C1186070009FC30 /* SelectedChatPartnerView.swift */ = {isa = PBXFileReference; lastKnownFileType = sourcecode.swift; path = SelectedChatPartnerView.swift; sourceTree = "<group>"; };
		9D972B6F2C1C0DC0006D33DA /* String+Extensions.swift */ = {isa = PBXFileReference; lastKnownFileType = sourcecode.swift; path = "String+Extensions.swift"; sourceTree = "<group>"; };
		9DA401482BFC62290098A303 /* ChannelTabScreen.swift */ = {isa = PBXFileReference; lastKnownFileType = sourcecode.swift; path = ChannelTabScreen.swift; sourceTree = "<group>"; };
		9DA4014A2BFC656E0098A303 /* ChannelItemView.swift */ = {isa = PBXFileReference; lastKnownFileType = sourcecode.swift; path = ChannelItemView.swift; sourceTree = "<group>"; };
		9DADE2742BFF060F00554295 /* MessageListView.swift */ = {isa = PBXFileReference; lastKnownFileType = sourcecode.swift; path = MessageListView.swift; sourceTree = "<group>"; };
		9DADE2772BFF081400554295 /* MessageItem.swift */ = {isa = PBXFileReference; lastKnownFileType = sourcecode.swift; path = MessageItem.swift; sourceTree = "<group>"; };
		9DADE2792BFF08DF00554295 /* BubbleTextView.swift */ = {isa = PBXFileReference; lastKnownFileType = sourcecode.swift; path = BubbleTextView.swift; sourceTree = "<group>"; };
		9DADE27B2BFF099D00554295 /* BubbleTailView.swift */ = {isa = PBXFileReference; lastKnownFileType = sourcecode.swift; path = BubbleTailView.swift; sourceTree = "<group>"; };
		9DADE27E2BFF0C2200554295 /* CustomModifiers.swift */ = {isa = PBXFileReference; lastKnownFileType = sourcecode.swift; path = CustomModifiers.swift; sourceTree = "<group>"; };
		9DB7D79E2C0846CC0007A832 /* AuthScreenModel.swift */ = {isa = PBXFileReference; lastKnownFileType = sourcecode.swift; path = AuthScreenModel.swift; sourceTree = "<group>"; };
		9DB7D7A12C0849BB0007A832 /* AuthProvider.swift */ = {isa = PBXFileReference; lastKnownFileType = sourcecode.swift; path = AuthProvider.swift; sourceTree = "<group>"; };
		9DD6CAD12C0D8A41006234F6 /* RootScreen.swift */ = {isa = PBXFileReference; lastKnownFileType = sourcecode.swift; path = RootScreen.swift; sourceTree = "<group>"; };
		9DD6CAD42C0D8A53006234F6 /* RootScreenModel.swift */ = {isa = PBXFileReference; lastKnownFileType = sourcecode.swift; path = RootScreenModel.swift; sourceTree = "<group>"; };
		9DD6CAD72C0D90C2006234F6 /* UserItem.swift */ = {isa = PBXFileReference; lastKnownFileType = sourcecode.swift; path = UserItem.swift; sourceTree = "<group>"; };
		9DD6CADA2C0D9149006234F6 /* FirebaseConstants.swift */ = {isa = PBXFileReference; lastKnownFileType = sourcecode.swift; path = FirebaseConstants.swift; sourceTree = "<group>"; };
		9DE0758F2C12D3A70060975D /* NewGroupSetupScreen.swift */ = {isa = PBXFileReference; lastKnownFileType = sourcecode.swift; path = NewGroupSetupScreen.swift; sourceTree = "<group>"; };
		9DEEC2F22C0450210042DBF5 /* BubbleImageView.swift */ = {isa = PBXFileReference; lastKnownFileType = sourcecode.swift; path = BubbleImageView.swift; sourceTree = "<group>"; };
		9DF418942BFC6A6700B9C9E9 /* SettingsTabScreen.swift */ = {isa = PBXFileReference; lastKnownFileType = sourcecode.swift; path = SettingsTabScreen.swift; sourceTree = "<group>"; };
		9DF418962BFC6AC000B9C9E9 /* SettingsItemView.swift */ = {isa = PBXFileReference; lastKnownFileType = sourcecode.swift; path = SettingsItemView.swift; sourceTree = "<group>"; };
		9DF418992BFC6BE100B9C9E9 /* SettingsItem.swift */ = {isa = PBXFileReference; lastKnownFileType = sourcecode.swift; path = SettingsItem.swift; sourceTree = "<group>"; };
/* End PBXFileReference section */

/* Begin PBXFrameworksBuildPhase section */
		9D2724992BF5CB9B003BFDA1 /* Frameworks */ = {
			isa = PBXFrameworksBuildPhase;
			buildActionMask = 2147483647;
			files = (
				9D1361BF2C05A4DB0001A811 /* FirebaseMessaging in Frameworks */,
				9D1361BD2C05A4DB0001A811 /* FirebaseDatabaseSwift in Frameworks */,
				9D1361BB2C05A4DB0001A811 /* FirebaseDatabase in Frameworks */,
				9D1361C12C05A4DB0001A811 /* FirebaseStorage in Frameworks */,
				9D1361B92C05A4DB0001A811 /* FirebaseAuth in Frameworks */,
			);
			runOnlyForDeploymentPostprocessing = 0;
		};
		9D2724A92BF5CB9D003BFDA1 /* Frameworks */ = {
			isa = PBXFrameworksBuildPhase;
			buildActionMask = 2147483647;
			files = (
			);
			runOnlyForDeploymentPostprocessing = 0;
		};
		9D2724B32BF5CB9D003BFDA1 /* Frameworks */ = {
			isa = PBXFrameworksBuildPhase;
			buildActionMask = 2147483647;
			files = (
			);
			runOnlyForDeploymentPostprocessing = 0;
		};
/* End PBXFrameworksBuildPhase section */

/* Begin PBXGroup section */
		9D07CAD52C10315E007E2A12 /* ViewModel */ = {
			isa = PBXGroup;
			children = (
				9D07CAD62C103186007E2A12 /* ChatPartnerPickerViewModel.swift */,
				9D63FD252C1AD9430056519B /* ChannelTabViewModel.swift */,
			);
			path = ViewModel;
			sourceTree = "<group>";
		};
		9D1361C62C05A7BD0001A811 /* Auth */ = {
			isa = PBXGroup;
			children = (
				9DD6CAD62C0D90A9006234F6 /* Model */,
				9DB7D7A02C0849AF0007A832 /* Services */,
				9DB7D79D2C0846B40007A832 /* ViewModels */,
				9D1361CA2C05A80E0001A811 /* Views */,
			);
			path = Auth;
			sourceTree = "<group>";
		};
		9D1361CA2C05A80E0001A811 /* Views */ = {
			isa = PBXGroup;
			children = (
				9D1361CB2C05A8220001A811 /* LoginScreen.swift */,
				9D18DD0F2C06EDC200CB5B54 /* AuthHeaderView.swift */,
				9D18DD112C06EE8000CB5B54 /* AuthTextField.swift */,
				9D18DD132C06F30B00CB5B54 /* AuthButton.swift */,
				9D18DD152C06F80200CB5B54 /* SignUpScreen.swift */,
			);
			path = Views;
			sourceTree = "<group>";
		};
		9D2724932BF5CB9B003BFDA1 = {
			isa = PBXGroup;
			children = (
				9D27249E2BF5CB9B003BFDA1 /* WhatsAppClone */,
				9D2724AF2BF5CB9D003BFDA1 /* WhatsAppCloneTests */,
				9D2724B92BF5CB9D003BFDA1 /* WhatsAppCloneUITests */,
				9D27249D2BF5CB9B003BFDA1 /* Products */,
			);
			sourceTree = "<group>";
		};
		9D27249D2BF5CB9B003BFDA1 /* Products */ = {
			isa = PBXGroup;
			children = (
				9D27249C2BF5CB9B003BFDA1 /* WhatsAppClone.app */,
				9D2724AC2BF5CB9D003BFDA1 /* WhatsAppCloneTests.xctest */,
				9D2724B62BF5CB9D003BFDA1 /* WhatsAppCloneUITests.xctest */,
			);
			name = Products;
			sourceTree = "<group>";
		};
		9D27249E2BF5CB9B003BFDA1 /* WhatsAppClone */ = {
			isa = PBXGroup;
			children = (
				9D27249F2BF5CB9B003BFDA1 /* WhatsAppCloneApp.swift */,
				9D2724C92BF5CCF4003BFDA1 /* MainTabView.swift */,
				9D1361C82C05A7FE0001A811 /* GoogleService-Info.plist */,
				9DADE27D2BFF0BFE00554295 /* Helpers */,
				9DD6CAD92C0D9133006234F6 /* Utils */,
				9D972B6E2C1C0C54006D33DA /* Extensions */,
				9D4FDAEB2BFB9C6800B3723C /* Screens */,
				9D5CD7C12C199E6E005E8A07 /* Service */,
				9D2724A32BF5CB9D003BFDA1 /* Assets.xcassets */,
				9D2724A52BF5CB9D003BFDA1 /* Preview Content */,
			);
			path = WhatsAppClone;
			sourceTree = "<group>";
		};
		9D2724A52BF5CB9D003BFDA1 /* Preview Content */ = {
			isa = PBXGroup;
			children = (
				9D2724A62BF5CB9D003BFDA1 /* Preview Assets.xcassets */,
			);
			path = "Preview Content";
			sourceTree = "<group>";
		};
		9D2724AF2BF5CB9D003BFDA1 /* WhatsAppCloneTests */ = {
			isa = PBXGroup;
			children = (
				9D2724B02BF5CB9D003BFDA1 /* WhatsAppCloneTests.swift */,
			);
			path = WhatsAppCloneTests;
			sourceTree = "<group>";
		};
		9D2724B92BF5CB9D003BFDA1 /* WhatsAppCloneUITests */ = {
			isa = PBXGroup;
			children = (
				9D2724BA2BF5CB9D003BFDA1 /* WhatsAppCloneUITests.swift */,
				9D2724BC2BF5CB9D003BFDA1 /* WhatsAppCloneUITestsLaunchTests.swift */,
			);
			path = WhatsAppCloneUITests;
			sourceTree = "<group>";
		};
		9D4FDAEB2BFB9C6800B3723C /* Screens */ = {
			isa = PBXGroup;
			children = (
				9DD6CACF2C0D8A2C006234F6 /* Root */,
				9D1361C62C05A7BD0001A811 /* Auth */,
				9D8C9F3E2BFDB55D00FC255E /* Chat */,
				9D4FDAF32BFB9D2000B3723C /* Settings */,
				9D4FDAF22BFB9D0E00B3723C /* Channel */,
				9D4FDAF02BFB9CD700B3723C /* Communities */,
				9D4FDAEE2BFB9CB400B3723C /* Calls */,
				9D4FDAEC2BFB9C9300B3723C /* Updates */,
			);
			path = Screens;
			sourceTree = "<group>";
		};
		9D4FDAEC2BFB9C9300B3723C /* Updates */ = {
			isa = PBXGroup;
			children = (
				9D4FDAED2BFB9CA500B3723C /* Views */,
			);
			path = Updates;
			sourceTree = "<group>";
		};
		9D4FDAED2BFB9CA500B3723C /* Views */ = {
			isa = PBXGroup;
			children = (
				9D2724CB2BF5D457003BFDA1 /* UpdatesTabScreen.swift */,
			);
			path = Views;
			sourceTree = "<group>";
		};
		9D4FDAEE2BFB9CB400B3723C /* Calls */ = {
			isa = PBXGroup;
			children = (
				9D4FDAEF2BFB9CC000B3723C /* Views */,
			);
			path = Calls;
			sourceTree = "<group>";
		};
		9D4FDAEF2BFB9CC000B3723C /* Views */ = {
			isa = PBXGroup;
			children = (
				9D6F9DC12BF72480008D11E3 /* CallsTabScreen.swift */,
			);
			path = Views;
			sourceTree = "<group>";
		};
		9D4FDAF02BFB9CD700B3723C /* Communities */ = {
			isa = PBXGroup;
			children = (
				9D4FDAF12BFB9CDE00B3723C /* Views */,
			);
			path = Communities;
			sourceTree = "<group>";
		};
		9D4FDAF12BFB9CDE00B3723C /* Views */ = {
			isa = PBXGroup;
			children = (
				9D4FDAF52BFB9D6600B3723C /* CommunityTabScreen.swift */,
			);
			path = Views;
			sourceTree = "<group>";
		};
		9D4FDAF22BFB9D0E00B3723C /* Channel */ = {
			isa = PBXGroup;
			children = (
				9D63FD222C1AD5320056519B /* Models */,
				9D07CAD52C10315E007E2A12 /* ViewModel */,
				9DA401472BFC62120098A303 /* Views */,
			);
			path = Channel;
			sourceTree = "<group>";
		};
		9D4FDAF32BFB9D2000B3723C /* Settings */ = {
			isa = PBXGroup;
			children = (
				9DF418982BFC6BD100B9C9E9 /* Models */,
				9DF418932BFC6A5800B9C9E9 /* Views */,
			);
			path = Settings;
			sourceTree = "<group>";
		};
		9D5CD7C12C199E6E005E8A07 /* Service */ = {
			isa = PBXGroup;
			children = (
				9D5CD7C22C199E80005E8A07 /* UserService.swift */,
			);
			path = Service;
			sourceTree = "<group>";
		};
		9D63FD222C1AD5320056519B /* Models */ = {
			isa = PBXGroup;
			children = (
				9D63FD232C1AD5460056519B /* ChannelItem.swift */,
			);
			path = Models;
			sourceTree = "<group>";
		};
		9D8C9F3E2BFDB55D00FC255E /* Chat */ = {
			isa = PBXGroup;
			children = (
				9DADE2762BFF080700554295 /* Models */,
				9D8C9F3F2BFDB56C00FC255E /* Views */,
			);
			path = Chat;
			sourceTree = "<group>";
		};
		9D8C9F3F2BFDB56C00FC255E /* Views */ = {
			isa = PBXGroup;
			children = (
				9D8C9F402BFDB59000FC255E /* ChatRoomScreen.swift */,
				9D8C9F422BFDB78900FC255E /* TextInputArea.swift */,
				9D8C9F442BFDBDC700FC255E /* MessageListController.swift */,
				9DADE2742BFF060F00554295 /* MessageListView.swift */,
				9DADE2792BFF08DF00554295 /* BubbleTextView.swift */,
				9DADE27B2BFF099D00554295 /* BubbleTailView.swift */,
				9DEEC2F22C0450210042DBF5 /* BubbleImageView.swift */,
				9D1361B52C059D070001A811 /* BubbleAudioView.swift */,
			);
			path = Views;
			sourceTree = "<group>";
		};
		9D972B6E2C1C0C54006D33DA /* Extensions */ = {
			isa = PBXGroup;
			children = (
				9D972B6F2C1C0DC0006D33DA /* String+Extensions.swift */,
			);
			path = Extensions;
			sourceTree = "<group>";
		};
		9DA401472BFC62120098A303 /* Views */ = {
			isa = PBXGroup;
			children = (
				9DA401482BFC62290098A303 /* ChannelTabScreen.swift */,
				9DA4014A2BFC656E0098A303 /* ChannelItemView.swift */,
				9D07CAD12C1028A2007E2A12 /* ChatPartnerPickerScreen.swift */,
				9D07CAD32C102B52007E2A12 /* ChatPartnerRowView.swift */,
				9D07CAD82C1033D4007E2A12 /* GroupPartnerPickerScreen.swift */,
				9D8DE2942C1186070009FC30 /* SelectedChatPartnerView.swift */,
				9DE0758F2C12D3A70060975D /* NewGroupSetupScreen.swift */,
			);
			path = Views;
			sourceTree = "<group>";
		};
		9DADE2762BFF080700554295 /* Models */ = {
			isa = PBXGroup;
			children = (
				9DADE2772BFF081400554295 /* MessageItem.swift */,
			);
			path = Models;
			sourceTree = "<group>";
		};
		9DADE27D2BFF0BFE00554295 /* Helpers */ = {
			isa = PBXGroup;
			children = (
				9DADE27E2BFF0C2200554295 /* CustomModifiers.swift */,
			);
			path = Helpers;
			sourceTree = "<group>";
		};
		9DB7D79D2C0846B40007A832 /* ViewModels */ = {
			isa = PBXGroup;
			children = (
				9DB7D79E2C0846CC0007A832 /* AuthScreenModel.swift */,
			);
			path = ViewModels;
			sourceTree = "<group>";
		};
		9DB7D7A02C0849AF0007A832 /* Services */ = {
			isa = PBXGroup;
			children = (
				9DB7D7A12C0849BB0007A832 /* AuthProvider.swift */,
			);
			path = Services;
			sourceTree = "<group>";
		};
		9DD6CACF2C0D8A2C006234F6 /* Root */ = {
			isa = PBXGroup;
			children = (
				9DD6CAD32C0D8A44006234F6 /* ViewModel */,
				9DD6CAD02C0D8A32006234F6 /* Views */,
			);
			path = Root;
			sourceTree = "<group>";
		};
		9DD6CAD02C0D8A32006234F6 /* Views */ = {
			isa = PBXGroup;
			children = (
				9DD6CAD12C0D8A41006234F6 /* RootScreen.swift */,
			);
			path = Views;
			sourceTree = "<group>";
		};
		9DD6CAD32C0D8A44006234F6 /* ViewModel */ = {
			isa = PBXGroup;
			children = (
				9DD6CAD42C0D8A53006234F6 /* RootScreenModel.swift */,
			);
			path = ViewModel;
			sourceTree = "<group>";
		};
		9DD6CAD62C0D90A9006234F6 /* Model */ = {
			isa = PBXGroup;
			children = (
				9DD6CAD72C0D90C2006234F6 /* UserItem.swift */,
			);
			path = Model;
			sourceTree = "<group>";
		};
		9DD6CAD92C0D9133006234F6 /* Utils */ = {
			isa = PBXGroup;
			children = (
				9DD6CADA2C0D9149006234F6 /* FirebaseConstants.swift */,
			);
			path = Utils;
			sourceTree = "<group>";
		};
		9DF418932BFC6A5800B9C9E9 /* Views */ = {
			isa = PBXGroup;
			children = (
				9DF418942BFC6A6700B9C9E9 /* SettingsTabScreen.swift */,
				9DF418962BFC6AC000B9C9E9 /* SettingsItemView.swift */,
			);
			path = Views;
			sourceTree = "<group>";
		};
		9DF418982BFC6BD100B9C9E9 /* Models */ = {
			isa = PBXGroup;
			children = (
				9DF418992BFC6BE100B9C9E9 /* SettingsItem.swift */,
			);
			path = Models;
			sourceTree = "<group>";
		};
/* End PBXGroup section */

/* Begin PBXNativeTarget section */
		9D27249B2BF5CB9B003BFDA1 /* WhatsAppClone */ = {
			isa = PBXNativeTarget;
			buildConfigurationList = 9D2724C02BF5CB9D003BFDA1 /* Build configuration list for PBXNativeTarget "WhatsAppClone" */;
			buildPhases = (
				9D2724982BF5CB9B003BFDA1 /* Sources */,
				9D2724992BF5CB9B003BFDA1 /* Frameworks */,
				9D27249A2BF5CB9B003BFDA1 /* Resources */,
			);
			buildRules = (
			);
			dependencies = (
			);
			name = WhatsAppClone;
			packageProductDependencies = (
				9D1361B82C05A4DB0001A811 /* FirebaseAuth */,
				9D1361BA2C05A4DB0001A811 /* FirebaseDatabase */,
				9D1361BC2C05A4DB0001A811 /* FirebaseDatabaseSwift */,
				9D1361BE2C05A4DB0001A811 /* FirebaseMessaging */,
				9D1361C02C05A4DB0001A811 /* FirebaseStorage */,
			);
			productName = WhatsAppClone;
			productReference = 9D27249C2BF5CB9B003BFDA1 /* WhatsAppClone.app */;
			productType = "com.apple.product-type.application";
		};
		9D2724AB2BF5CB9D003BFDA1 /* WhatsAppCloneTests */ = {
			isa = PBXNativeTarget;
			buildConfigurationList = 9D2724C32BF5CB9D003BFDA1 /* Build configuration list for PBXNativeTarget "WhatsAppCloneTests" */;
			buildPhases = (
				9D2724A82BF5CB9D003BFDA1 /* Sources */,
				9D2724A92BF5CB9D003BFDA1 /* Frameworks */,
				9D2724AA2BF5CB9D003BFDA1 /* Resources */,
			);
			buildRules = (
			);
			dependencies = (
				9D2724AE2BF5CB9D003BFDA1 /* PBXTargetDependency */,
			);
			name = WhatsAppCloneTests;
			productName = WhatsAppCloneTests;
			productReference = 9D2724AC2BF5CB9D003BFDA1 /* WhatsAppCloneTests.xctest */;
			productType = "com.apple.product-type.bundle.unit-test";
		};
		9D2724B52BF5CB9D003BFDA1 /* WhatsAppCloneUITests */ = {
			isa = PBXNativeTarget;
			buildConfigurationList = 9D2724C62BF5CB9D003BFDA1 /* Build configuration list for PBXNativeTarget "WhatsAppCloneUITests" */;
			buildPhases = (
				9D2724B22BF5CB9D003BFDA1 /* Sources */,
				9D2724B32BF5CB9D003BFDA1 /* Frameworks */,
				9D2724B42BF5CB9D003BFDA1 /* Resources */,
			);
			buildRules = (
			);
			dependencies = (
				9D2724B82BF5CB9D003BFDA1 /* PBXTargetDependency */,
			);
			name = WhatsAppCloneUITests;
			productName = WhatsAppCloneUITests;
			productReference = 9D2724B62BF5CB9D003BFDA1 /* WhatsAppCloneUITests.xctest */;
			productType = "com.apple.product-type.bundle.ui-testing";
		};
/* End PBXNativeTarget section */

/* Begin PBXProject section */
		9D2724942BF5CB9B003BFDA1 /* Project object */ = {
			isa = PBXProject;
			attributes = {
				BuildIndependentTargetsInParallel = 1;
				LastSwiftUpdateCheck = 1530;
				LastUpgradeCheck = 1530;
				TargetAttributes = {
					9D27249B2BF5CB9B003BFDA1 = {
						CreatedOnToolsVersion = 15.3;
					};
					9D2724AB2BF5CB9D003BFDA1 = {
						CreatedOnToolsVersion = 15.3;
						TestTargetID = 9D27249B2BF5CB9B003BFDA1;
					};
					9D2724B52BF5CB9D003BFDA1 = {
						CreatedOnToolsVersion = 15.3;
						TestTargetID = 9D27249B2BF5CB9B003BFDA1;
					};
				};
			};
			buildConfigurationList = 9D2724972BF5CB9B003BFDA1 /* Build configuration list for PBXProject "WhatsAppClone" */;
			compatibilityVersion = "Xcode 14.0";
			developmentRegion = en;
			hasScannedForEncodings = 0;
			knownRegions = (
				en,
				Base,
			);
			mainGroup = 9D2724932BF5CB9B003BFDA1;
			packageReferences = (
				9D1361B72C05A4DB0001A811 /* XCRemoteSwiftPackageReference "firebase-ios-sdk" */,
			);
			productRefGroup = 9D27249D2BF5CB9B003BFDA1 /* Products */;
			projectDirPath = "";
			projectRoot = "";
			targets = (
				9D27249B2BF5CB9B003BFDA1 /* WhatsAppClone */,
				9D2724AB2BF5CB9D003BFDA1 /* WhatsAppCloneTests */,
				9D2724B52BF5CB9D003BFDA1 /* WhatsAppCloneUITests */,
			);
		};
/* End PBXProject section */

/* Begin PBXResourcesBuildPhase section */
		9D27249A2BF5CB9B003BFDA1 /* Resources */ = {
			isa = PBXResourcesBuildPhase;
			buildActionMask = 2147483647;
			files = (
				9D2724A72BF5CB9D003BFDA1 /* Preview Assets.xcassets in Resources */,
				9D2724A42BF5CB9D003BFDA1 /* Assets.xcassets in Resources */,
				9D1361C92C05A7FE0001A811 /* GoogleService-Info.plist in Resources */,
			);
			runOnlyForDeploymentPostprocessing = 0;
		};
		9D2724AA2BF5CB9D003BFDA1 /* Resources */ = {
			isa = PBXResourcesBuildPhase;
			buildActionMask = 2147483647;
			files = (
			);
			runOnlyForDeploymentPostprocessing = 0;
		};
		9D2724B42BF5CB9D003BFDA1 /* Resources */ = {
			isa = PBXResourcesBuildPhase;
			buildActionMask = 2147483647;
			files = (
			);
			runOnlyForDeploymentPostprocessing = 0;
		};
/* End PBXResourcesBuildPhase section */

/* Begin PBXSourcesBuildPhase section */
		9D2724982BF5CB9B003BFDA1 /* Sources */ = {
			isa = PBXSourcesBuildPhase;
			buildActionMask = 2147483647;
			files = (
				9D2724CC2BF5D457003BFDA1 /* UpdatesTabScreen.swift in Sources */,
				9DB7D79F2C0846CC0007A832 /* AuthScreenModel.swift in Sources */,
				9DD6CAD52C0D8A53006234F6 /* RootScreenModel.swift in Sources */,
				9D8DE2952C1186070009FC30 /* SelectedChatPartnerView.swift in Sources */,
				9D18DD142C06F30B00CB5B54 /* AuthButton.swift in Sources */,
				9D6F9DC22BF72480008D11E3 /* CallsTabScreen.swift in Sources */,
				9DD6CAD82C0D90C2006234F6 /* UserItem.swift in Sources */,
				9DF418952BFC6A6700B9C9E9 /* SettingsTabScreen.swift in Sources */,
				9D63FD262C1AD9430056519B /* ChannelTabViewModel.swift in Sources */,
				9D18DD102C06EDC200CB5B54 /* AuthHeaderView.swift in Sources */,
				9DD6CADB2C0D9149006234F6 /* FirebaseConstants.swift in Sources */,
				9DB7D7A22C0849BB0007A832 /* AuthProvider.swift in Sources */,
				9D4FDAF62BFB9D6600B3723C /* CommunityTabScreen.swift in Sources */,
				9D8C9F452BFDBDC700FC255E /* MessageListController.swift in Sources */,
				9D972B702C1C0DC0006D33DA /* String+Extensions.swift in Sources */,
				9D8C9F432BFDB78900FC255E /* TextInputArea.swift in Sources */,
				9DADE27C2BFF099D00554295 /* BubbleTailView.swift in Sources */,
				9DD6CAD22C0D8A41006234F6 /* RootScreen.swift in Sources */,
				9D63FD242C1AD5460056519B /* ChannelItem.swift in Sources */,
				9DA401492BFC62290098A303 /* ChannelTabScreen.swift in Sources */,
				9D18DD162C06F80200CB5B54 /* SignUpScreen.swift in Sources */,
				9D2724A02BF5CB9B003BFDA1 /* WhatsAppCloneApp.swift in Sources */,
				9D07CAD22C1028A2007E2A12 /* ChatPartnerPickerScreen.swift in Sources */,
				9DEEC2F32C0450210042DBF5 /* BubbleImageView.swift in Sources */,
				9DADE2752BFF060F00554295 /* MessageListView.swift in Sources */,
				9DE075902C12D3A70060975D /* NewGroupSetupScreen.swift in Sources */,
				9D1361CC2C05A8220001A811 /* LoginScreen.swift in Sources */,
				9D8C9F412BFDB59000FC255E /* ChatRoomScreen.swift in Sources */,
				9D07CAD42C102B52007E2A12 /* ChatPartnerRowView.swift in Sources */,
				9DF418972BFC6AC000B9C9E9 /* SettingsItemView.swift in Sources */,
				9D07CAD92C1033D4007E2A12 /* GroupPartnerPickerScreen.swift in Sources */,
				9D18DD122C06EE8000CB5B54 /* AuthTextField.swift in Sources */,
				9DADE27A2BFF08DF00554295 /* BubbleTextView.swift in Sources */,
				9DADE2782BFF081400554295 /* MessageItem.swift in Sources */,
				9DA4014B2BFC656E0098A303 /* ChannelItemView.swift in Sources */,
				9D5CD7C32C199E80005E8A07 /* UserService.swift in Sources */,
				9DADE27F2BFF0C2200554295 /* CustomModifiers.swift in Sources */,
				9D1361B62C059D070001A811 /* BubbleAudioView.swift in Sources */,
				9D2724CA2BF5CCF4003BFDA1 /* MainTabView.swift in Sources */,
				9D07CAD72C103186007E2A12 /* ChatPartnerPickerViewModel.swift in Sources */,
				9DF4189A2BFC6BE100B9C9E9 /* SettingsItem.swift in Sources */,
			);
			runOnlyForDeploymentPostprocessing = 0;
		};
		9D2724A82BF5CB9D003BFDA1 /* Sources */ = {
			isa = PBXSourcesBuildPhase;
			buildActionMask = 2147483647;
			files = (
				9D2724B12BF5CB9D003BFDA1 /* WhatsAppCloneTests.swift in Sources */,
			);
			runOnlyForDeploymentPostprocessing = 0;
		};
		9D2724B22BF5CB9D003BFDA1 /* Sources */ = {
			isa = PBXSourcesBuildPhase;
			buildActionMask = 2147483647;
			files = (
				9D2724BD2BF5CB9D003BFDA1 /* WhatsAppCloneUITestsLaunchTests.swift in Sources */,
				9D2724BB2BF5CB9D003BFDA1 /* WhatsAppCloneUITests.swift in Sources */,
			);
			runOnlyForDeploymentPostprocessing = 0;
		};
/* End PBXSourcesBuildPhase section */

/* Begin PBXTargetDependency section */
		9D2724AE2BF5CB9D003BFDA1 /* PBXTargetDependency */ = {
			isa = PBXTargetDependency;
			target = 9D27249B2BF5CB9B003BFDA1 /* WhatsAppClone */;
			targetProxy = 9D2724AD2BF5CB9D003BFDA1 /* PBXContainerItemProxy */;
		};
		9D2724B82BF5CB9D003BFDA1 /* PBXTargetDependency */ = {
			isa = PBXTargetDependency;
			target = 9D27249B2BF5CB9B003BFDA1 /* WhatsAppClone */;
			targetProxy = 9D2724B72BF5CB9D003BFDA1 /* PBXContainerItemProxy */;
		};
/* End PBXTargetDependency section */

/* Begin XCBuildConfiguration section */
		9D2724BE2BF5CB9D003BFDA1 /* Debug */ = {
			isa = XCBuildConfiguration;
			buildSettings = {
				ALWAYS_SEARCH_USER_PATHS = NO;
				ASSETCATALOG_COMPILER_GENERATE_SWIFT_ASSET_SYMBOL_EXTENSIONS = YES;
				CLANG_ANALYZER_NONNULL = YES;
				CLANG_ANALYZER_NUMBER_OBJECT_CONVERSION = YES_AGGRESSIVE;
				CLANG_CXX_LANGUAGE_STANDARD = "gnu++20";
				CLANG_ENABLE_MODULES = YES;
				CLANG_ENABLE_OBJC_ARC = YES;
				CLANG_ENABLE_OBJC_WEAK = YES;
				CLANG_WARN_BLOCK_CAPTURE_AUTORELEASING = YES;
				CLANG_WARN_BOOL_CONVERSION = YES;
				CLANG_WARN_COMMA = YES;
				CLANG_WARN_CONSTANT_CONVERSION = YES;
				CLANG_WARN_DEPRECATED_OBJC_IMPLEMENTATIONS = YES;
				CLANG_WARN_DIRECT_OBJC_ISA_USAGE = YES_ERROR;
				CLANG_WARN_DOCUMENTATION_COMMENTS = YES;
				CLANG_WARN_EMPTY_BODY = YES;
				CLANG_WARN_ENUM_CONVERSION = YES;
				CLANG_WARN_INFINITE_RECURSION = YES;
				CLANG_WARN_INT_CONVERSION = YES;
				CLANG_WARN_NON_LITERAL_NULL_CONVERSION = YES;
				CLANG_WARN_OBJC_IMPLICIT_RETAIN_SELF = YES;
				CLANG_WARN_OBJC_LITERAL_CONVERSION = YES;
				CLANG_WARN_OBJC_ROOT_CLASS = YES_ERROR;
				CLANG_WARN_QUOTED_INCLUDE_IN_FRAMEWORK_HEADER = YES;
				CLANG_WARN_RANGE_LOOP_ANALYSIS = YES;
				CLANG_WARN_STRICT_PROTOTYPES = YES;
				CLANG_WARN_SUSPICIOUS_MOVE = YES;
				CLANG_WARN_UNGUARDED_AVAILABILITY = YES_AGGRESSIVE;
				CLANG_WARN_UNREACHABLE_CODE = YES;
				CLANG_WARN__DUPLICATE_METHOD_MATCH = YES;
				COPY_PHASE_STRIP = NO;
				DEBUG_INFORMATION_FORMAT = dwarf;
				ENABLE_STRICT_OBJC_MSGSEND = YES;
				ENABLE_TESTABILITY = YES;
				ENABLE_USER_SCRIPT_SANDBOXING = YES;
				GCC_C_LANGUAGE_STANDARD = gnu17;
				GCC_DYNAMIC_NO_PIC = NO;
				GCC_NO_COMMON_BLOCKS = YES;
				GCC_OPTIMIZATION_LEVEL = 0;
				GCC_PREPROCESSOR_DEFINITIONS = (
					"DEBUG=1",
					"$(inherited)",
				);
				GCC_WARN_64_TO_32_BIT_CONVERSION = YES;
				GCC_WARN_ABOUT_RETURN_TYPE = YES_ERROR;
				GCC_WARN_UNDECLARED_SELECTOR = YES;
				GCC_WARN_UNINITIALIZED_AUTOS = YES_AGGRESSIVE;
				GCC_WARN_UNUSED_FUNCTION = YES;
				GCC_WARN_UNUSED_VARIABLE = YES;
				IPHONEOS_DEPLOYMENT_TARGET = 17.5;
				LOCALIZATION_PREFERS_STRING_CATALOGS = YES;
				MTL_ENABLE_DEBUG_INFO = INCLUDE_SOURCE;
				MTL_FAST_MATH = YES;
				ONLY_ACTIVE_ARCH = YES;
				SDKROOT = iphoneos;
				SWIFT_ACTIVE_COMPILATION_CONDITIONS = "DEBUG $(inherited)";
				SWIFT_OPTIMIZATION_LEVEL = "-Onone";
			};
			name = Debug;
		};
		9D2724BF2BF5CB9D003BFDA1 /* Release */ = {
			isa = XCBuildConfiguration;
			buildSettings = {
				ALWAYS_SEARCH_USER_PATHS = NO;
				ASSETCATALOG_COMPILER_GENERATE_SWIFT_ASSET_SYMBOL_EXTENSIONS = YES;
				CLANG_ANALYZER_NONNULL = YES;
				CLANG_ANALYZER_NUMBER_OBJECT_CONVERSION = YES_AGGRESSIVE;
				CLANG_CXX_LANGUAGE_STANDARD = "gnu++20";
				CLANG_ENABLE_MODULES = YES;
				CLANG_ENABLE_OBJC_ARC = YES;
				CLANG_ENABLE_OBJC_WEAK = YES;
				CLANG_WARN_BLOCK_CAPTURE_AUTORELEASING = YES;
				CLANG_WARN_BOOL_CONVERSION = YES;
				CLANG_WARN_COMMA = YES;
				CLANG_WARN_CONSTANT_CONVERSION = YES;
				CLANG_WARN_DEPRECATED_OBJC_IMPLEMENTATIONS = YES;
				CLANG_WARN_DIRECT_OBJC_ISA_USAGE = YES_ERROR;
				CLANG_WARN_DOCUMENTATION_COMMENTS = YES;
				CLANG_WARN_EMPTY_BODY = YES;
				CLANG_WARN_ENUM_CONVERSION = YES;
				CLANG_WARN_INFINITE_RECURSION = YES;
				CLANG_WARN_INT_CONVERSION = YES;
				CLANG_WARN_NON_LITERAL_NULL_CONVERSION = YES;
				CLANG_WARN_OBJC_IMPLICIT_RETAIN_SELF = YES;
				CLANG_WARN_OBJC_LITERAL_CONVERSION = YES;
				CLANG_WARN_OBJC_ROOT_CLASS = YES_ERROR;
				CLANG_WARN_QUOTED_INCLUDE_IN_FRAMEWORK_HEADER = YES;
				CLANG_WARN_RANGE_LOOP_ANALYSIS = YES;
				CLANG_WARN_STRICT_PROTOTYPES = YES;
				CLANG_WARN_SUSPICIOUS_MOVE = YES;
				CLANG_WARN_UNGUARDED_AVAILABILITY = YES_AGGRESSIVE;
				CLANG_WARN_UNREACHABLE_CODE = YES;
				CLANG_WARN__DUPLICATE_METHOD_MATCH = YES;
				COPY_PHASE_STRIP = NO;
				DEBUG_INFORMATION_FORMAT = "dwarf-with-dsym";
				ENABLE_NS_ASSERTIONS = NO;
				ENABLE_STRICT_OBJC_MSGSEND = YES;
				ENABLE_USER_SCRIPT_SANDBOXING = YES;
				GCC_C_LANGUAGE_STANDARD = gnu17;
				GCC_NO_COMMON_BLOCKS = YES;
				GCC_WARN_64_TO_32_BIT_CONVERSION = YES;
				GCC_WARN_ABOUT_RETURN_TYPE = YES_ERROR;
				GCC_WARN_UNDECLARED_SELECTOR = YES;
				GCC_WARN_UNINITIALIZED_AUTOS = YES_AGGRESSIVE;
				GCC_WARN_UNUSED_FUNCTION = YES;
				GCC_WARN_UNUSED_VARIABLE = YES;
				IPHONEOS_DEPLOYMENT_TARGET = 17.5;
				LOCALIZATION_PREFERS_STRING_CATALOGS = YES;
				MTL_ENABLE_DEBUG_INFO = NO;
				MTL_FAST_MATH = YES;
				SDKROOT = iphoneos;
				SWIFT_COMPILATION_MODE = wholemodule;
				VALIDATE_PRODUCT = YES;
			};
			name = Release;
		};
		9D2724C12BF5CB9D003BFDA1 /* Debug */ = {
			isa = XCBuildConfiguration;
			buildSettings = {
				ASSETCATALOG_COMPILER_APPICON_NAME = AppIcon;
				ASSETCATALOG_COMPILER_GLOBAL_ACCENT_COLOR_NAME = AccentColor;
				CODE_SIGN_STYLE = Automatic;
				CURRENT_PROJECT_VERSION = 1;
				DEVELOPMENT_ASSET_PATHS = "\"WhatsAppClone/Preview Content\"";
				DEVELOPMENT_TEAM = 2GW6QU3PCC;
				ENABLE_PREVIEWS = YES;
				GENERATE_INFOPLIST_FILE = YES;
				INFOPLIST_KEY_UIApplicationSceneManifest_Generation = YES;
				INFOPLIST_KEY_UIApplicationSupportsIndirectInputEvents = YES;
				INFOPLIST_KEY_UILaunchScreen_Generation = YES;
				INFOPLIST_KEY_UISupportedInterfaceOrientations_iPad = "UIInterfaceOrientationPortrait UIInterfaceOrientationPortraitUpsideDown UIInterfaceOrientationLandscapeLeft UIInterfaceOrientationLandscapeRight";
				INFOPLIST_KEY_UISupportedInterfaceOrientations_iPhone = "UIInterfaceOrientationPortrait UIInterfaceOrientationLandscapeLeft UIInterfaceOrientationLandscapeRight";
				IPHONEOS_DEPLOYMENT_TARGET = 17.5;
				LD_RUNPATH_SEARCH_PATHS = (
					"$(inherited)",
					"@executable_path/Frameworks",
				);
				MARKETING_VERSION = 1.0;
				PRODUCT_BUNDLE_IDENTIFIER = com.JNSD.WhatsAppClone;
				PRODUCT_NAME = "$(TARGET_NAME)";
				SWIFT_EMIT_LOC_STRINGS = YES;
				SWIFT_VERSION = 5.0;
				TARGETED_DEVICE_FAMILY = "1,2";
			};
			name = Debug;
		};
		9D2724C22BF5CB9D003BFDA1 /* Release */ = {
			isa = XCBuildConfiguration;
			buildSettings = {
				ASSETCATALOG_COMPILER_APPICON_NAME = AppIcon;
				ASSETCATALOG_COMPILER_GLOBAL_ACCENT_COLOR_NAME = AccentColor;
				CODE_SIGN_STYLE = Automatic;
				CURRENT_PROJECT_VERSION = 1;
				DEVELOPMENT_ASSET_PATHS = "\"WhatsAppClone/Preview Content\"";
				DEVELOPMENT_TEAM = 2GW6QU3PCC;
				ENABLE_PREVIEWS = YES;
				GENERATE_INFOPLIST_FILE = YES;
				INFOPLIST_KEY_UIApplicationSceneManifest_Generation = YES;
				INFOPLIST_KEY_UIApplicationSupportsIndirectInputEvents = YES;
				INFOPLIST_KEY_UILaunchScreen_Generation = YES;
				INFOPLIST_KEY_UISupportedInterfaceOrientations_iPad = "UIInterfaceOrientationPortrait UIInterfaceOrientationPortraitUpsideDown UIInterfaceOrientationLandscapeLeft UIInterfaceOrientationLandscapeRight";
				INFOPLIST_KEY_UISupportedInterfaceOrientations_iPhone = "UIInterfaceOrientationPortrait UIInterfaceOrientationLandscapeLeft UIInterfaceOrientationLandscapeRight";
				IPHONEOS_DEPLOYMENT_TARGET = 17.5;
				LD_RUNPATH_SEARCH_PATHS = (
					"$(inherited)",
					"@executable_path/Frameworks",
				);
				MARKETING_VERSION = 1.0;
				PRODUCT_BUNDLE_IDENTIFIER = com.JNSD.WhatsAppClone;
				PRODUCT_NAME = "$(TARGET_NAME)";
				SWIFT_EMIT_LOC_STRINGS = YES;
				SWIFT_VERSION = 5.0;
				TARGETED_DEVICE_FAMILY = "1,2";
			};
			name = Release;
		};
		9D2724C42BF5CB9D003BFDA1 /* Debug */ = {
			isa = XCBuildConfiguration;
			buildSettings = {
				ALWAYS_EMBED_SWIFT_STANDARD_LIBRARIES = YES;
				BUNDLE_LOADER = "$(TEST_HOST)";
				CODE_SIGN_STYLE = Automatic;
				CURRENT_PROJECT_VERSION = 1;
				DEVELOPMENT_TEAM = 2GW6QU3PCC;
				GENERATE_INFOPLIST_FILE = YES;
				IPHONEOS_DEPLOYMENT_TARGET = 17.5;
				MARKETING_VERSION = 1.0;
				PRODUCT_BUNDLE_IDENTIFIER = com.JNSD.WhatsAppCloneTests;
				PRODUCT_NAME = "$(TARGET_NAME)";
				SWIFT_EMIT_LOC_STRINGS = NO;
				SWIFT_VERSION = 5.0;
				TARGETED_DEVICE_FAMILY = "1,2";
				TEST_HOST = "$(BUILT_PRODUCTS_DIR)/WhatsAppClone.app/$(BUNDLE_EXECUTABLE_FOLDER_PATH)/WhatsAppClone";
			};
			name = Debug;
		};
		9D2724C52BF5CB9D003BFDA1 /* Release */ = {
			isa = XCBuildConfiguration;
			buildSettings = {
				ALWAYS_EMBED_SWIFT_STANDARD_LIBRARIES = YES;
				BUNDLE_LOADER = "$(TEST_HOST)";
				CODE_SIGN_STYLE = Automatic;
				CURRENT_PROJECT_VERSION = 1;
				DEVELOPMENT_TEAM = 2GW6QU3PCC;
				GENERATE_INFOPLIST_FILE = YES;
				IPHONEOS_DEPLOYMENT_TARGET = 17.5;
				MARKETING_VERSION = 1.0;
				PRODUCT_BUNDLE_IDENTIFIER = com.JNSD.WhatsAppCloneTests;
				PRODUCT_NAME = "$(TARGET_NAME)";
				SWIFT_EMIT_LOC_STRINGS = NO;
				SWIFT_VERSION = 5.0;
				TARGETED_DEVICE_FAMILY = "1,2";
				TEST_HOST = "$(BUILT_PRODUCTS_DIR)/WhatsAppClone.app/$(BUNDLE_EXECUTABLE_FOLDER_PATH)/WhatsAppClone";
			};
			name = Release;
		};
		9D2724C72BF5CB9D003BFDA1 /* Debug */ = {
			isa = XCBuildConfiguration;
			buildSettings = {
				ALWAYS_EMBED_SWIFT_STANDARD_LIBRARIES = YES;
				CODE_SIGN_STYLE = Automatic;
				CURRENT_PROJECT_VERSION = 1;
				DEVELOPMENT_TEAM = 2GW6QU3PCC;
				GENERATE_INFOPLIST_FILE = YES;
				MARKETING_VERSION = 1.0;
				PRODUCT_BUNDLE_IDENTIFIER = com.JNSD.WhatsAppCloneUITests;
				PRODUCT_NAME = "$(TARGET_NAME)";
				SWIFT_EMIT_LOC_STRINGS = NO;
				SWIFT_VERSION = 5.0;
				TARGETED_DEVICE_FAMILY = "1,2";
				TEST_TARGET_NAME = WhatsAppClone;
			};
			name = Debug;
		};
		9D2724C82BF5CB9D003BFDA1 /* Release */ = {
			isa = XCBuildConfiguration;
			buildSettings = {
				ALWAYS_EMBED_SWIFT_STANDARD_LIBRARIES = YES;
				CODE_SIGN_STYLE = Automatic;
				CURRENT_PROJECT_VERSION = 1;
				DEVELOPMENT_TEAM = 2GW6QU3PCC;
				GENERATE_INFOPLIST_FILE = YES;
				MARKETING_VERSION = 1.0;
				PRODUCT_BUNDLE_IDENTIFIER = com.JNSD.WhatsAppCloneUITests;
				PRODUCT_NAME = "$(TARGET_NAME)";
				SWIFT_EMIT_LOC_STRINGS = NO;
				SWIFT_VERSION = 5.0;
				TARGETED_DEVICE_FAMILY = "1,2";
				TEST_TARGET_NAME = WhatsAppClone;
			};
			name = Release;
		};
/* End XCBuildConfiguration section */

/* Begin XCConfigurationList section */
		9D2724972BF5CB9B003BFDA1 /* Build configuration list for PBXProject "WhatsAppClone" */ = {
			isa = XCConfigurationList;
			buildConfigurations = (
				9D2724BE2BF5CB9D003BFDA1 /* Debug */,
				9D2724BF2BF5CB9D003BFDA1 /* Release */,
			);
			defaultConfigurationIsVisible = 0;
			defaultConfigurationName = Release;
		};
		9D2724C02BF5CB9D003BFDA1 /* Build configuration list for PBXNativeTarget "WhatsAppClone" */ = {
			isa = XCConfigurationList;
			buildConfigurations = (
				9D2724C12BF5CB9D003BFDA1 /* Debug */,
				9D2724C22BF5CB9D003BFDA1 /* Release */,
			);
			defaultConfigurationIsVisible = 0;
			defaultConfigurationName = Release;
		};
		9D2724C32BF5CB9D003BFDA1 /* Build configuration list for PBXNativeTarget "WhatsAppCloneTests" */ = {
			isa = XCConfigurationList;
			buildConfigurations = (
				9D2724C42BF5CB9D003BFDA1 /* Debug */,
				9D2724C52BF5CB9D003BFDA1 /* Release */,
			);
			defaultConfigurationIsVisible = 0;
			defaultConfigurationName = Release;
		};
		9D2724C62BF5CB9D003BFDA1 /* Build configuration list for PBXNativeTarget "WhatsAppCloneUITests" */ = {
			isa = XCConfigurationList;
			buildConfigurations = (
				9D2724C72BF5CB9D003BFDA1 /* Debug */,
				9D2724C82BF5CB9D003BFDA1 /* Release */,
			);
			defaultConfigurationIsVisible = 0;
			defaultConfigurationName = Release;
		};
/* End XCConfigurationList section */

/* Begin XCRemoteSwiftPackageReference section */
		9D1361B72C05A4DB0001A811 /* XCRemoteSwiftPackageReference "firebase-ios-sdk" */ = {
			isa = XCRemoteSwiftPackageReference;
			repositoryURL = "https://github.com/firebase/firebase-ios-sdk";
			requirement = {
				kind = upToNextMajorVersion;
				minimumVersion = 10.26.0;
			};
		};
/* End XCRemoteSwiftPackageReference section */

/* Begin XCSwiftPackageProductDependency section */
		9D1361B82C05A4DB0001A811 /* FirebaseAuth */ = {
			isa = XCSwiftPackageProductDependency;
			package = 9D1361B72C05A4DB0001A811 /* XCRemoteSwiftPackageReference "firebase-ios-sdk" */;
			productName = FirebaseAuth;
		};
		9D1361BA2C05A4DB0001A811 /* FirebaseDatabase */ = {
			isa = XCSwiftPackageProductDependency;
			package = 9D1361B72C05A4DB0001A811 /* XCRemoteSwiftPackageReference "firebase-ios-sdk" */;
			productName = FirebaseDatabase;
		};
		9D1361BC2C05A4DB0001A811 /* FirebaseDatabaseSwift */ = {
			isa = XCSwiftPackageProductDependency;
			package = 9D1361B72C05A4DB0001A811 /* XCRemoteSwiftPackageReference "firebase-ios-sdk" */;
			productName = FirebaseDatabaseSwift;
		};
		9D1361BE2C05A4DB0001A811 /* FirebaseMessaging */ = {
			isa = XCSwiftPackageProductDependency;
			package = 9D1361B72C05A4DB0001A811 /* XCRemoteSwiftPackageReference "firebase-ios-sdk" */;
			productName = FirebaseMessaging;
		};
		9D1361C02C05A4DB0001A811 /* FirebaseStorage */ = {
			isa = XCSwiftPackageProductDependency;
			package = 9D1361B72C05A4DB0001A811 /* XCRemoteSwiftPackageReference "firebase-ios-sdk" */;
			productName = FirebaseStorage;
		};
/* End XCSwiftPackageProductDependency section */
	};
	rootObject = 9D2724942BF5CB9B003BFDA1 /* Project object */;
}
